// !$*UTF8*$!
{
	archiveVersion = 1;
	classes = {
	};
	objectVersion = 77;
	objects = {

/* Begin PBXBuildFile section */
		C5F5B54930115AB9009688FB /* NotesEditingPolicy.swift in Sources */ = {isa = PBXBuildFile; fileRef = C5F5B54830115AB9009688FB /* NotesEditingPolicy.swift */; };
		C5F5B54B30115ABF009688FB /* ApplicationDetailViewModel.swift in Sources */ = {isa = PBXBuildFile; fileRef = C5F5B54A30115ABF009688FB /* ApplicationDetailViewModel.swift */; };
/* End PBXBuildFile section */

/* Begin PBXContainerItemProxy section */
		C5EAB310300B91FA00C10A45 /* PBXContainerItemProxy */ = {
			isa = PBXContainerItemProxy;
			containerPortal = C5EAB2F6300B91F900C10A45 /* Project object */;
			proxyType = 1;
			remoteGlobalIDString = C5EAB2FD300B91F900C10A45;
			remoteInfo = "job-tracker-app";
		};
		C5EAB31A300B91FA00C10A45 /* PBXContainerItemProxy */ = {
			isa = PBXContainerItemProxy;
			containerPortal = C5EAB2F6300B91F900C10A45 /* Project object */;
			proxyType = 1;
			remoteGlobalIDString = C5EAB2FD300B91F900C10A45;
			remoteInfo = "job-tracker-app";
		};
/* End PBXContainerItemProxy section */

/* Begin PBXFileReference section */
		C5EAB2FE300B91F900C10A45 /* Job Search CRM.app */ = {isa = PBXFileReference; explicitFileType = wrapper.application; includeInIndex = 0; path = "Job Search CRM.app"; sourceTree = BUILT_PRODUCTS_DIR; };
		C5EAB30F300B91FA00C10A45 /* job-tracker-appTests.xctest */ = {isa = PBXFileReference; explicitFileType = wrapper.cfbundle; includeInIndex = 0; path = "job-tracker-appTests.xctest"; sourceTree = BUILT_PRODUCTS_DIR; };
		C5EAB319300B91FA00C10A45 /* job-tracker-appUITests.xctest */ = {isa = PBXFileReference; explicitFileType = wrapper.cfbundle; includeInIndex = 0; path = "job-tracker-appUITests.xctest"; sourceTree = BUILT_PRODUCTS_DIR; };
		C5F5B54830115AB9009688FB /* NotesEditingPolicy.swift */ = {isa = PBXFileReference; lastKnownFileType = sourcecode.swift; path = NotesEditingPolicy.swift; sourceTree = "<group>"; };
		C5F5B54A30115ABF009688FB /* ApplicationDetailViewModel.swift */ = {isa = PBXFileReference; lastKnownFileType = sourcecode.swift; path = ApplicationDetailViewModel.swift; sourceTree = "<group>"; };
/* End PBXFileReference section */

/* Begin PBXFileSystemSynchronizedBuildFileExceptionSet section */
		C5EAB321300B91FA00C10A45 /* Exceptions for "job-tracker-app" folder in "job-tracker-app" target */ = {
			isa = PBXFileSystemSynchronizedBuildFileExceptionSet;
			membershipExceptions = (
				Info.plist,
			);
			target = C5EAB2FD300B91F900C10A45 /* job-tracker-app */;
		};
/* End PBXFileSystemSynchronizedBuildFileExceptionSet section */

/* Begin PBXFileSystemSynchronizedRootGroup section */
		C5EAB300300B91F900C10A45 /* job-tracker-app */ = {
			isa = PBXFileSystemSynchronizedRootGroup;
			exceptions = (
				C5EAB321300B91FA00C10A45 /* Exceptions for "job-tracker-app" folder in "job-tracker-app" target */,
			);
			path = "job-tracker-app";
			sourceTree = "<group>";
		};
		C5EAB312300B91FA00C10A45 /* job-tracker-appTests */ = {
			isa = PBXFileSystemSynchronizedRootGroup;
			path = "job-tracker-appTests";
			sourceTree = "<group>";
		};
		C5EAB31C300B91FA00C10A45 /* job-tracker-appUITests */ = {
			isa = PBXFileSystemSynchronizedRootGroup;
			path = "job-tracker-appUITests";
			sourceTree = "<group>";
		};
/* End PBXFileSystemSynchronizedRootGroup section */

/* Begin PBXFrameworksBuildPhase section */
		C5EAB2FB300B91F900C10A45 /* Frameworks */ = {
			isa = PBXFrameworksBuildPhase;
			buildActionMask = 2147483647;
			files = (
			);
			runOnlyForDeploymentPostprocessing = 0;
		};
		C5EAB30C300B91FA00C10A45 /* Frameworks */ = {
			isa = PBXFrameworksBuildPhase;
			buildActionMask = 2147483647;
			files = (
			);
			runOnlyForDeploymentPostprocessing = 0;
		};
		C5EAB316300B91FA00C10A45 /* Frameworks */ = {
			isa = PBXFrameworksBuildPhase;
			buildActionMask = 2147483647;
			files = (
			);
			runOnlyForDeploymentPostprocessing = 0;
		};
/* End PBXFrameworksBuildPhase section */

/* Begin PBXGroup section */
		C5EAB2F5300B91F900C10A45 = {
			isa = PBXGroup;
			children = (
				C5EAB300300B91F900C10A45 /* job-tracker-app */,
				C5EAB312300B91FA00C10A45 /* job-tracker-appTests */,
				C5EAB31C300B91FA00C10A45 /* job-tracker-appUITests */,
				C5EAB2FF300B91F900C10A45 /* Products */,
				C5F5B54830115AB9009688FB /* NotesEditingPolicy.swift */,
				C5F5B54A30115ABF009688FB /* ApplicationDetailViewModel.swift */,
			);
			sourceTree = "<group>";
		};
		C5EAB2FF300B91F900C10A45 /* Products */ = {
			isa = PBXGroup;
			children = (
				C5EAB2FE300B91F900C10A45 /* Job Search CRM.app */,
				C5EAB30F300B91FA00C10A45 /* job-tracker-appTests.xctest */,
				C5EAB319300B91FA00C10A45 /* job-tracker-appUITests.xctest */,
			);
			name = Products;
			sourceTree = "<group>";
		};
/* End PBXGroup section */

/* Begin PBXNativeTarget section */
		C5EAB2FD300B91F900C10A45 /* job-tracker-app */ = {
			isa = PBXNativeTarget;
			buildConfigurationList = C5EAB322300B91FA00C10A45 /* Build configuration list for PBXNativeTarget "job-tracker-app" */;
			buildPhases = (
				C5EAB2FA300B91F900C10A45 /* Sources */,
				C5EAB2FB300B91F900C10A45 /* Frameworks */,
				C5EAB2FC300B91F900C10A45 /* Resources */,
			);
			buildRules = (
			);
			dependencies = (
			);
			fileSystemSynchronizedGroups = (
				C5EAB300300B91F900C10A45 /* job-tracker-app */,
			);
			name = "job-tracker-app";
			packageProductDependencies = (
			);
			productName = "job-tracker-app";
			productReference = C5EAB2FE300B91F900C10A45 /* Job Search CRM.app */;
			productType = "com.apple.product-type.application";
		};
		C5EAB30E300B91FA00C10A45 /* job-tracker-appTests */ = {
			isa = PBXNativeTarget;
			buildConfigurationList = C5EAB327300B91FA00C10A45 /* Build configuration list for PBXNativeTarget "job-tracker-appTests" */;
			buildPhases = (
				C5EAB30B300B91FA00C10A45 /* Sources */,
				C5EAB30C300B91FA00C10A45 /* Frameworks */,
				C5EAB30D300B91FA00C10A45 /* Resources */,
			);
			buildRules = (
			);
			dependencies = (
				C5EAB311300B91FA00C10A45 /* PBXTargetDependency */,
			);
			fileSystemSynchronizedGroups = (
				C5EAB312300B91FA00C10A45 /* job-tracker-appTests */,
			);
			name = "job-tracker-appTests";
			packageProductDependencies = (
			);
			productName = "job-tracker-appTests";
			productReference = C5EAB30F300B91FA00C10A45 /* job-tracker-appTests.xctest */;
			productType = "com.apple.product-type.bundle.unit-test";
		};
		C5EAB318300B91FA00C10A45 /* job-tracker-appUITests */ = {
			isa = PBXNativeTarget;
			buildConfigurationList = C5EAB32A300B91FA00C10A45 /* Build configuration list for PBXNativeTarget "job-tracker-appUITests" */;
			buildPhases = (
				C5EAB315300B91FA00C10A45 /* Sources */,
				C5EAB316300B91FA00C10A45 /* Frameworks */,
				C5EAB317300B91FA00C10A45 /* Resources */,
			);
			buildRules = (
			);
			dependencies = (
				C5EAB31B300B91FA00C10A45 /* PBXTargetDependency */,
			);
			fileSystemSynchronizedGroups = (
				C5EAB31C300B91FA00C10A45 /* job-tracker-appUITests */,
			);
			name = "job-tracker-appUITests";
			packageProductDependencies = (
			);
			productName = "job-tracker-appUITests";
			productReference = C5EAB319300B91FA00C10A45 /* job-tracker-appUITests.xctest */;
			productType = "com.apple.product-type.bundle.ui-testing";
		};
/* End PBXNativeTarget section */

/* Begin PBXProject section */
		C5EAB2F6300B91F900C10A45 /* Project object */ = {
			isa = PBXProject;
			attributes = {
				BuildIndependentTargetsInParallel = 1;
				LastSwiftUpdateCheck = 2660;
				LastUpgradeCheck = 2660;
				TargetAttributes = {
					C5EAB2FD300B91F900C10A45 = {
						CreatedOnToolsVersion = 26.6;
					};
					C5EAB30E300B91FA00C10A45 = {
						CreatedOnToolsVersion = 26.6;
						TestTargetID = C5EAB2FD300B91F900C10A45;
					};
					C5EAB318300B91FA00C10A45 = {
						CreatedOnToolsVersion = 26.6;
						TestTargetID = C5EAB2FD300B91F900C10A45;
					};
				};
			};
			buildConfigurationList = C5EAB2F9300B91F900C10A45 /* Build configuration list for PBXProject "job-tracker-app" */;
			developmentRegion = en;
			hasScannedForEncodings = 0;
			knownRegions = (
				en,
				Base,
			);
			mainGroup = C5EAB2F5300B91F900C10A45;
			minimizedProjectReferenceProxies = 1;
			preferredProjectObjectVersion = 77;
			productRefGroup = C5EAB2FF300B91F900C10A45 /* Products */;
			projectDirPath = "";
			projectRoot = "";
			targets = (
				C5EAB2FD300B91F900C10A45 /* job-tracker-app */,
				C5EAB30E300B91FA00C10A45 /* job-tracker-appTests */,
				C5EAB318300B91FA00C10A45 /* job-tracker-appUITests */,
			);
		};
/* End PBXProject section */

/* Begin PBXResourcesBuildPhase section */
		C5EAB2FC300B91F900C10A45 /* Resources */ = {
			isa = PBXResourcesBuildPhase;
			buildActionMask = 2147483647;
			files = (
			);
			runOnlyForDeploymentPostprocessing = 0;
		};
		C5EAB30D300B91FA00C10A45 /* Resources */ = {
			isa = PBXResourcesBuildPhase;
			buildActionMask = 2147483647;
			files = (
			);
			runOnlyForDeploymentPostprocessing = 0;
		};
		C5EAB317300B91FA00C10A45 /* Resources */ = {
			isa = PBXResourcesBuildPhase;
			buildActionMask = 2147483647;
			files = (
			);
			runOnlyForDeploymentPostprocessing = 0;
		};
/* End PBXResourcesBuildPhase section */

/* Begin PBXSourcesBuildPhase section */
		C5EAB2FA300B91F900C10A45 /* Sources */ = {
			isa = PBXSourcesBuildPhase;
			buildActionMask = 2147483647;
			files = (
				C5F5B54B30115ABF009688FB /* ApplicationDetailViewModel.swift in Sources */,
				C5F5B54930115AB9009688FB /* NotesEditingPolicy.swift in Sources */,
			);
			runOnlyForDeploymentPostprocessing = 0;
		};
		C5EAB30B300B91FA00C10A45 /* Sources */ = {
			isa = PBXSourcesBuildPhase;
			buildActionMask = 2147483647;
			files = (
			);
			runOnlyForDeploymentPostprocessing = 0;
		};
		C5EAB315300B91FA00C10A45 /* Sources */ = {
			isa = PBXSourcesBuildPhase;
			buildActionMask = 2147483647;
			files = (
			);
			runOnlyForDeploymentPostprocessing = 0;
		};
/* End PBXSourcesBuildPhase section */

/* Begin PBXTargetDependency section */
		C5EAB311300B91FA00C10A45 /* PBXTargetDependency */ = {
			isa = PBXTargetDependency;
			target = C5EAB2FD300B91F900C10A45 /* job-tracker-app */;
			targetProxy = C5EAB310300B91FA00C10A45 /* PBXContainerItemProxy */;
		};
		C5EAB31B300B91FA00C10A45 /* PBXTargetDependency */ = {
			isa = PBXTargetDependency;
			target = C5EAB2FD300B91F900C10A45 /* job-tracker-app */;
			targetProxy = C5EAB31A300B91FA00C10A45 /* PBXContainerItemProxy */;
		};
/* End PBXTargetDependency section */

/* Begin XCBuildConfiguration section */
		C5EAB323300B91FA00C10A45 /* Debug */ = {
			isa = XCBuildConfiguration;
			buildSettings = {
				ASSETCATALOG_COMPILER_APPICON_NAME = AppIcon;
				ASSETCATALOG_COMPILER_GLOBAL_ACCENT_COLOR_NAME = AccentColor;
				CODE_SIGN_ENTITLEMENTS = "job-tracker-app/job_tracker_app.entitlements";
				CODE_SIGN_STYLE = Automatic;
				CURRENT_PROJECT_VERSION = 1;
				DEVELOPMENT_TEAM = Y3JJD7DBP3;
				ENABLE_PREVIEWS = YES;
				GENERATE_INFOPLIST_FILE = YES;
				INFOPLIST_FILE = "job-tracker-app/Info.plist";
				INFOPLIST_KEY_UIApplicationSceneManifest_Generation = YES;
				INFOPLIST_KEY_UIApplicationSupportsIndirectInputEvents = YES;
				INFOPLIST_KEY_UILaunchScreen_Generation = YES;
				INFOPLIST_KEY_UISupportedInterfaceOrientations_iPad = "UIInterfaceOrientationPortrait UIInterfaceOrientationPortraitUpsideDown UIInterfaceOrientationLandscapeLeft UIInterfaceOrientationLandscapeRight";
				INFOPLIST_KEY_UISupportedInterfaceOrientations_iPhone = "UIInterfaceOrientationPortrait UIInterfaceOrientationLandscapeLeft UIInterfaceOrientationLandscapeRight";
				LD_RUNPATH_SEARCH_PATHS = (
					"$(inherited)",
					"@executable_path/Frameworks",
				);
				MARKETING_VERSION = 1.0;
				PRODUCT_BUNDLE_IDENTIFIER = "okic.job-tracker-app";
				PRODUCT_NAME = "Job Search CRM";
				STRING_CATALOG_GENERATE_SYMBOLS = YES;
				SUPPORTED_PLATFORMS = "iphoneos iphonesimulator";
				SUPPORTS_MACCATALYST = NO;
				SUPPORTS_MAC_DESIGNED_FOR_IPHONE_IPAD = NO;
				SUPPORTS_XR_DESIGNED_FOR_IPHONE_IPAD = NO;
				SWIFT_APPROACHABLE_CONCURRENCY = YES;
				SWIFT_DEFAULT_ACTOR_ISOLATION = MainActor;
				SWIFT_EMIT_LOC_STRINGS = YES;
				SWIFT_UPCOMING_FEATURE_MEMBER_IMPORT_VISIBILITY = YES;
				SWIFT_VERSION = 5.0;
				TARGETED_DEVICE_FAMILY = 1;
			};
			name = Debug;
		};
		C5EAB324300B91FA00C10A45 /* Release */ = {
			isa = XCBuildConfiguration;
			buildSettings = {
				ASSETCATALOG_COMPILER_APPICON_NAME = AppIcon;
				ASSETCATALOG_COMPILER_GLOBAL_ACCENT_COLOR_NAME = AccentColor;
				CODE_SIGN_ENTITLEMENTS = "job-tracker-app/job_tracker_app.entitlements";
				CODE_SIGN_STYLE = Automatic;
				CURRENT_PROJECT_VERSION = 1;
				DEVELOPMENT_TEAM = Y3JJD7DBP3;
				ENABLE_PREVIEWS = YES;
				GENERATE_INFOPLIST_FILE = YES;
				INFOPLIST_FILE = "job-tracker-app/Info.plist";
				INFOPLIST_KEY_UIApplicationSceneManifest_Generation = YES;
				INFOPLIST_KEY_UIApplicationSupportsIndirectInputEvents = YES;
				INFOPLIST_KEY_UILaunchScreen_Generation = YES;
				INFOPLIST_KEY_UISupportedInterfaceOrientations_iPad = "UIInterfaceOrientationPortrait UIInterfaceOrientationPortraitUpsideDown UIInterfaceOrientationLandscapeLeft UIInterfaceOrientationLandscapeRight";
				INFOPLIST_KEY_UISupportedInterfaceOrientations_iPhone = "UIInterfaceOrientationPortrait UIInterfaceOrientationLandscapeLeft UIInterfaceOrientationLandscapeRight";
				LD_RUNPATH_SEARCH_PATHS = (
					"$(inherited)",
					"@executable_path/Frameworks",
				);
				MARKETING_VERSION = 1.0;
				PRODUCT_BUNDLE_IDENTIFIER = "okic.job-tracker-app";
				PRODUCT_NAME = "Job Search CRM";
				STRING_CATALOG_GENERATE_SYMBOLS = YES;
				SUPPORTED_PLATFORMS = "iphoneos iphonesimulator";
				SUPPORTS_MACCATALYST = NO;
				SUPPORTS_MAC_DESIGNED_FOR_IPHONE_IPAD = NO;
				SUPPORTS_XR_DESIGNED_FOR_IPHONE_IPAD = NO;
				SWIFT_APPROACHABLE_CONCURRENCY = YES;
				SWIFT_DEFAULT_ACTOR_ISOLATION = MainActor;
				SWIFT_EMIT_LOC_STRINGS = YES;
				SWIFT_UPCOMING_FEATURE_MEMBER_IMPORT_VISIBILITY = YES;
				SWIFT_VERSION = 5.0;
				TARGETED_DEVICE_FAMILY = 1;
			};
			name = Release;
		};
		C5EAB325300B91FA00C10A45 /* Debug */ = {
			isa = XCBuildConfiguration;
			buildSettings = {
				ALWAYS_SEARCH_USER_PATHS = NO;
				ASSETCATALOG_COMPILER_GENERATE_SWIFT_ASSET_SYMBOL_EXTENSIONS = YES;
				CLANG_ANALYZER_NONNULL = YES;
				CLANG_ANALYZER_NUMBER_OBJECT_CONVERSION = YES_AGGRESSIVE;
				CLANG_CXX_LANGUAGE_STANDARD = "gnu++20";
				CLANG_ENABLE_MODULES = YES;
				CLANG_ENABLE_OBJC_ARC = YES;
				CLANG_ENABLE_OBJC_WEAK = YES;
				CLANG_WARN_BLOCK_CAPTURE_AUTORELEASING = YES;
				CLANG_WARN_BOOL_CONVERSION = YES;
				CLANG_WARN_COMMA = YES;
				CLANG_WARN_CONSTANT_CONVERSION = YES;
				CLANG_WARN_DEPRECATED_OBJC_IMPLEMENTATIONS = YES;
				CLANG_WARN_DIRECT_OBJC_ISA_USAGE = YES_ERROR;
				CLANG_WARN_DOCUMENTATION_COMMENTS = YES;
				CLANG_WARN_EMPTY_BODY = YES;
				CLANG_WARN_ENUM_CONVERSION = YES;
				CLANG_WARN_INFINITE_RECURSION = YES;
				CLANG_WARN_INT_CONVERSION = YES;
				CLANG_WARN_NON_LITERAL_NULL_CONVERSION = YES;
				CLANG_WARN_OBJC_IMPLICIT_RETAIN_SELF = YES;
				CLANG_WARN_OBJC_LITERAL_CONVERSION = YES;
				CLANG_WARN_OBJC_ROOT_CLASS = YES_ERROR;
				CLANG_WARN_QUOTED_INCLUDE_IN_FRAMEWORK_HEADER = YES;
				CLANG_WARN_RANGE_LOOP_ANALYSIS = YES;
				CLANG_WARN_STRICT_PROTOTYPES = YES;
				CLANG_WARN_SUSPICIOUS_MOVE = YES;
				CLANG_WARN_UNGUARDED_AVAILABILITY = YES_AGGRESSIVE;
				CLANG_WARN_UNREACHABLE_CODE = YES;
				CLANG_WARN__DUPLICATE_METHOD_MATCH = YES;
				COPY_PHASE_STRIP = NO;
				DEBUG_INFORMATION_FORMAT = dwarf;
				DEVELOPMENT_TEAM = Y3JJD7DBP3;
				ENABLE_STRICT_OBJC_MSGSEND = YES;
				ENABLE_TESTABILITY = YES;
				ENABLE_USER_SCRIPT_SANDBOXING = YES;
				GCC_C_LANGUAGE_STANDARD = gnu17;
				GCC_DYNAMIC_NO_PIC = NO;
				GCC_NO_COMMON_BLOCKS = YES;
				GCC_OPTIMIZATION_LEVEL = 0;
				GCC_PREPROCESSOR_DEFINITIONS = (
					"DEBUG=1",
					"$(inherited)",
				);
				GCC_WARN_64_TO_32_BIT_CONVERSION = YES;
				GCC_WARN_ABOUT_RETURN_TYPE = YES_ERROR;
				GCC_WARN_UNDECLARED_SELECTOR = YES;
				GCC_WARN_UNINITIALIZED_AUTOS = YES_AGGRESSIVE;
				GCC_WARN_UNUSED_FUNCTION = YES;
				GCC_WARN_UNUSED_VARIABLE = YES;
				IPHONEOS_DEPLOYMENT_TARGET = 26.5;
				LOCALIZATION_PREFERS_STRING_CATALOGS = YES;
				MTL_ENABLE_DEBUG_INFO = INCLUDE_SOURCE;
				MTL_FAST_MATH = YES;
				ONLY_ACTIVE_ARCH = YES;
				SDKROOT = iphoneos;
				SWIFT_ACTIVE_COMPILATION_CONDITIONS = "DEBUG $(inherited)";
				SWIFT_OPTIMIZATION_LEVEL = "-Onone";
			};
			name = Debug;
		};
		C5EAB326300B91FA00C10A45 /* Release */ = {
			isa = XCBuildConfiguration;
			buildSettings = {
				ALWAYS_SEARCH_USER_PATHS = NO;
				ASSETCATALOG_COMPILER_GENERATE_SWIFT_ASSET_SYMBOL_EXTENSIONS = YES;
				CLANG_ANALYZER_NONNULL = YES;
				CLANG_ANALYZER_NUMBER_OBJECT_CONVERSION = YES_AGGRESSIVE;
				CLANG_CXX_LANGUAGE_STANDARD = "gnu++20";
				CLANG_ENABLE_MODULES = YES;
				CLANG_ENABLE_OBJC_ARC = YES;
				CLANG_ENABLE_OBJC_WEAK = YES;
				CLANG_WARN_BLOCK_CAPTURE_AUTORELEASING = YES;
				CLANG_WARN_BOOL_CONVERSION = YES;
				CLANG_WARN_COMMA = YES;
				CLANG_WARN_CONSTANT_CONVERSION = YES;
				CLANG_WARN_DEPRECATED_OBJC_IMPLEMENTATIONS = YES;
				CLANG_WARN_DIRECT_OBJC_ISA_USAGE = YES_ERROR;
				CLANG_WARN_DOCUMENTATION_COMMENTS = YES;
				CLANG_WARN_EMPTY_BODY = YES;
				CLANG_WARN_ENUM_CONVERSION = YES;
				CLANG_WARN_INFINITE_RECURSION = YES;
				CLANG_WARN_INT_CONVERSION = YES;
				CLANG_WARN_NON_LITERAL_NULL_CONVERSION = YES;
				CLANG_WARN_OBJC_IMPLICIT_RETAIN_SELF = YES;
				CLANG_WARN_OBJC_LITERAL_CONVERSION = YES;
				CLANG_WARN_OBJC_ROOT_CLASS = YES_ERROR;
				CLANG_WARN_QUOTED_INCLUDE_IN_FRAMEWORK_HEADER = YES;
				CLANG_WARN_RANGE_LOOP_ANALYSIS = YES;
				CLANG_WARN_STRICT_PROTOTYPES = YES;
				CLANG_WARN_SUSPICIOUS_MOVE = YES;
				CLANG_WARN_UNGUARDED_AVAILABILITY = YES_AGGRESSIVE;
				CLANG_WARN_UNREACHABLE_CODE = YES;
				CLANG_WARN__DUPLICATE_METHOD_MATCH = YES;
				COPY_PHASE_STRIP = NO;
				DEBUG_INFORMATION_FORMAT = "dwarf-with-dsym";
				DEVELOPMENT_TEAM = Y3JJD7DBP3;
				ENABLE_NS_ASSERTIONS = NO;
				ENABLE_STRICT_OBJC_MSGSEND = YES;
				ENABLE_USER_SCRIPT_SANDBOXING = YES;
				GCC_C_LANGUAGE_STANDARD = gnu17;
				GCC_NO_COMMON_BLOCKS = YES;
				GCC_WARN_64_TO_32_BIT_CONVERSION = YES;
				GCC_WARN_ABOUT_RETURN_TYPE = YES_ERROR;
				GCC_WARN_UNDECLARED_SELECTOR = YES;
				GCC_WARN_UNINITIALIZED_AUTOS = YES_AGGRESSIVE;
				GCC_WARN_UNUSED_FUNCTION = YES;
				GCC_WARN_UNUSED_VARIABLE = YES;
				IPHONEOS_DEPLOYMENT_TARGET = 26.5;
				LOCALIZATION_PREFERS_STRING_CATALOGS = YES;
				MTL_ENABLE_DEBUG_INFO = NO;
				MTL_FAST_MATH = YES;
				SDKROOT = iphoneos;
				SWIFT_COMPILATION_MODE = wholemodule;
				VALIDATE_PRODUCT = YES;
			};
			name = Release;
		};
		C5EAB328300B91FA00C10A45 /* Debug */ = {
			isa = XCBuildConfiguration;
			buildSettings = {
				BUNDLE_LOADER = "$(TEST_HOST)";
				CODE_SIGN_STYLE = Automatic;
				CURRENT_PROJECT_VERSION = 1;
				DEVELOPMENT_TEAM = Y3JJD7DBP3;
				GENERATE_INFOPLIST_FILE = YES;
				IPHONEOS_DEPLOYMENT_TARGET = 26.5;
				MARKETING_VERSION = 1.0;
				PRODUCT_BUNDLE_IDENTIFIER = "okic.job-tracker-appTests";
				PRODUCT_NAME = "$(TARGET_NAME)";
				STRING_CATALOG_GENERATE_SYMBOLS = NO;
				SUPPORTED_PLATFORMS = "iphoneos iphonesimulator";
				SUPPORTS_MACCATALYST = NO;
				SUPPORTS_MAC_DESIGNED_FOR_IPHONE_IPAD = NO;
				SUPPORTS_XR_DESIGNED_FOR_IPHONE_IPAD = NO;
				SWIFT_APPROACHABLE_CONCURRENCY = YES;
				SWIFT_EMIT_LOC_STRINGS = NO;
				SWIFT_UPCOMING_FEATURE_MEMBER_IMPORT_VISIBILITY = YES;
				SWIFT_VERSION = 5.0;
				TARGETED_DEVICE_FAMILY = 1;
				TEST_HOST = "$(BUILT_PRODUCTS_DIR)/job-tracker-app.app/$(BUNDLE_EXECUTABLE_FOLDER_PATH)/job-tracker-app";
			};
			name = Debug;
		};
		C5EAB329300B91FA00C10A45 /* Release */ = {
			isa = XCBuildConfiguration;
			buildSettings = {
				BUNDLE_LOADER = "$(TEST_HOST)";
				CODE_SIGN_STYLE = Automatic;
				CURRENT_PROJECT_VERSION = 1;
				DEVELOPMENT_TEAM = Y3JJD7DBP3;
				GENERATE_INFOPLIST_FILE = YES;
				IPHONEOS_DEPLOYMENT_TARGET = 26.5;
				MARKETING_VERSION = 1.0;
				PRODUCT_BUNDLE_IDENTIFIER = "okic.job-tracker-appTests";
				PRODUCT_NAME = "$(TARGET_NAME)";
				STRING_CATALOG_GENERATE_SYMBOLS = NO;
				SUPPORTED_PLATFORMS = "iphoneos iphonesimulator";
				SUPPORTS_MACCATALYST = NO;
				SUPPORTS_MAC_DESIGNED_FOR_IPHONE_IPAD = NO;
				SUPPORTS_XR_DESIGNED_FOR_IPHONE_IPAD = NO;
				SWIFT_APPROACHABLE_CONCURRENCY = YES;
				SWIFT_EMIT_LOC_STRINGS = NO;
				SWIFT_UPCOMING_FEATURE_MEMBER_IMPORT_VISIBILITY = YES;
				SWIFT_VERSION = 5.0;
				TARGETED_DEVICE_FAMILY = 1;
				TEST_HOST = "$(BUILT_PRODUCTS_DIR)/job-tracker-app.app/$(BUNDLE_EXECUTABLE_FOLDER_PATH)/job-tracker-app";
			};
			name = Release;
		};
		C5EAB32B300B91FA00C10A45 /* Debug */ = {
			isa = XCBuildConfiguration;
			buildSettings = {
				CODE_SIGN_STYLE = Automatic;
				CURRENT_PROJECT_VERSION = 1;
				DEVELOPMENT_TEAM = Y3JJD7DBP3;
				GENERATE_INFOPLIST_FILE = YES;
				MARKETING_VERSION = 1.0;
				PRODUCT_BUNDLE_IDENTIFIER = "okic.job-tracker-appUITests";
				PRODUCT_NAME = "$(TARGET_NAME)";
				STRING_CATALOG_GENERATE_SYMBOLS = NO;
				SUPPORTED_PLATFORMS = "iphoneos iphonesimulator";
				SUPPORTS_MACCATALYST = NO;
				SUPPORTS_MAC_DESIGNED_FOR_IPHONE_IPAD = NO;
				SUPPORTS_XR_DESIGNED_FOR_IPHONE_IPAD = NO;
				SWIFT_APPROACHABLE_CONCURRENCY = YES;
				SWIFT_EMIT_LOC_STRINGS = NO;
				SWIFT_UPCOMING_FEATURE_MEMBER_IMPORT_VISIBILITY = YES;
				SWIFT_VERSION = 5.0;
				TARGETED_DEVICE_FAMILY = 1;
				TEST_TARGET_NAME = "job-tracker-app";
			};
			name = Debug;
		};
		C5EAB32C300B91FA00C10A45 /* Release */ = {
			isa = XCBuildConfiguration;
			buildSettings = {
				CODE_SIGN_STYLE = Automatic;
				CURRENT_PROJECT_VERSION = 1;
				DEVELOPMENT_TEAM = Y3JJD7DBP3;
				GENERATE_INFOPLIST_FILE = YES;
				MARKETING_VERSION = 1.0;
				PRODUCT_BUNDLE_IDENTIFIER = "okic.job-tracker-appUITests";
				PRODUCT_NAME = "$(TARGET_NAME)";
				STRING_CATALOG_GENERATE_SYMBOLS = NO;
				SUPPORTED_PLATFORMS = "iphoneos iphonesimulator";
				SUPPORTS_MACCATALYST = NO;
				SUPPORTS_MAC_DESIGNED_FOR_IPHONE_IPAD = NO;
				SUPPORTS_XR_DESIGNED_FOR_IPHONE_IPAD = NO;
				SWIFT_APPROACHABLE_CONCURRENCY = YES;
				SWIFT_EMIT_LOC_STRINGS = NO;
				SWIFT_UPCOMING_FEATURE_MEMBER_IMPORT_VISIBILITY = YES;
				SWIFT_VERSION = 5.0;
				TARGETED_DEVICE_FAMILY = 1;
				TEST_TARGET_NAME = "job-tracker-app";
			};
			name = Release;
		};
/* End XCBuildConfiguration section */

/* Begin XCConfigurationList section */
		C5EAB2F9300B91F900C10A45 /* Build configuration list for PBXProject "job-tracker-app" */ = {
			isa = XCConfigurationList;
			buildConfigurations = (
				C5EAB325300B91FA00C10A45 /* Debug */,
				C5EAB326300B91FA00C10A45 /* Release */,
			);
			defaultConfigurationIsVisible = 0;
			defaultConfigurationName = Release;
		};
		C5EAB322300B91FA00C10A45 /* Build configuration list for PBXNativeTarget "job-tracker-app" */ = {
			isa = XCConfigurationList;
			buildConfigurations = (
				C5EAB323300B91FA00C10A45 /* Debug */,
				C5EAB324300B91FA00C10A45 /* Release */,
			);
			defaultConfigurationIsVisible = 0;
			defaultConfigurationName = Release;
		};
		C5EAB327300B91FA00C10A45 /* Build configuration list for PBXNativeTarget "job-tracker-appTests" */ = {
			isa = XCConfigurationList;
			buildConfigurations = (
				C5EAB328300B91FA00C10A45 /* Debug */,
				C5EAB329300B91FA00C10A45 /* Release */,
			);
			defaultConfigurationIsVisible = 0;
			defaultConfigurationName = Release;
		};
		C5EAB32A300B91FA00C10A45 /* Build configuration list for PBXNativeTarget "job-tracker-appUITests" */ = {
			isa = XCConfigurationList;
			buildConfigurations = (
				C5EAB32B300B91FA00C10A45 /* Debug */,
				C5EAB32C300B91FA00C10A45 /* Release */,
			);
			defaultConfigurationIsVisible = 0;
			defaultConfigurationName = Release;
		};
/* End XCConfigurationList section */
	};
	rootObject = C5EAB2F6300B91F900C10A45 /* Project object */;
}
